
Microsoft Visual Studio Solution File, Format Version 12.00
# Visual Studio Version 16
VisualStudioVersion = 16.0.29411.108
MinimumVisualStudioVersion = 10.0.40219.1
Project("{9A19103F-16F7-4668-BE54-9A1E7A4F7556}") = "EmguFFmpeg", "src\EmguFFmpeg.csproj", "{DF008297-94DF-4193-84D9-C91728E11CBD}"
EndProject
Project("{9A19103F-16F7-4668-BE54-9A1E7A4F7556}") = "EmguFFmpeg.AppTest", "tests\EmguFFmpeg.AppTest\EmguFFmpeg.AppTest.csproj", "{3397BD83-399D-4369-A529-F961A20015B8}"
EndProject
Project("{2150E333-8FDC-42A3-9474-1A3956D46DE8}") = "src", "src", "{135E7F95-93BF-49D7-A978-21E998E962E5}"
EndProject
Project("{2150E333-8FDC-42A3-9474-1A3956D46DE8}") = "test", "test", "{03C19F6D-9868-481C-889F-B39A6DE812EE}"
EndProject
Global
	GlobalSection(SolutionConfigurationPlatforms) = preSolution
		Debug|Any CPU = Debug|Any CPU
		Debug|x64 = Debug|x64
		Debug|x86 = Debug|x86
		Release|Any CPU = Release|Any CPU
		Release|x64 = Release|x64
		Release|x86 = Release|x86
	EndGlobalSection
	GlobalSection(ProjectConfigurationPlatforms) = postSolution
		{DF008297-94DF-4193-84D9-C91728E11CBD}.Debug|Any CPU.ActiveCfg = Debug|Any CPU
		{DF008297-94DF-4193-84D9-C91728E11CBD}.Debug|Any CPU.Build.0 = Debug|Any CPU
		{DF008297-94DF-4193-84D9-C91728E11CBD}.Debug|x64.ActiveCfg = Debug|x64
		{DF008297-94DF-4193-84D9-C91728E11CBD}.Debug|x64.Build.0 = Debug|x64
		{DF008297-94DF-4193-84D9-C91728E11CBD}.Debug|x86.ActiveCfg = Debug|x86
		{DF008297-94DF-4193-84D9-C91728E11CBD}.Debug|x86.Build.0 = Debug|x86
		{DF008297-94DF-4193-84D9-C91728E11CBD}.Release|Any CPU.ActiveCfg = Release|Any CPU
		{DF008297-94DF-4193-84D9-C91728E11CBD}.Release|Any CPU.Build.0 = Release|Any CPU
		{DF008297-94DF-4193-84D9-C91728E11CBD}.Release|x64.ActiveCfg = Release|x64
		{DF008297-94DF-4193-84D9-C91728E11CBD}.Release|x64.Build.0 = Release|x64
		{DF008297-94DF-4193-84D9-C91728E11CBD}.Release|x86.ActiveCfg = Release|x86
		{DF008297-94DF-4193-84D9-C91728E11CBD}.Release|x86.Build.0 = Release|x86
		{3397BD83-399D-4369-A529-F961A20015B8}.Debug|Any CPU.ActiveCfg = Debug|Any CPU
		{3397BD83-399D-4369-A529-F961A20015B8}.Debug|Any CPU.Build.0 = Debug|Any CPU
		{3397BD83-399D-4369-A529-F961A20015B8}.Debug|x64.ActiveCfg = Debug|Any CPU
		{3397BD83-399D-4369-A529-F961A20015B8}.Debug|x64.Build.0 = Debug|Any CPU
		{3397BD83-399D-4369-A529-F961A20015B8}.Debug|x86.ActiveCfg = Debug|Any CPU
		{3397BD83-399D-4369-A529-F961A20015B8}.Debug|x86.Build.0 = Debug|Any CPU
		{3397BD83-399D-4369-A529-F961A20015B8}.Release|Any CPU.ActiveCfg = Release|Any CPU
		{3397BD83-399D-4369-A529-F961A20015B8}.Release|Any CPU.Build.0 = Release|Any CPU
		{3397BD83-399D-4369-A529-F961A20015B8}.Release|x64.ActiveCfg = Release|Any CPU
		{3397BD83-399D-4369-A529-F961A20015B8}.Release|x64.Build.0 = Release|Any CPU
		{3397BD83-399D-4369-A529-F961A20015B8}.Release|x86.ActiveCfg = Release|Any CPU
		{3397BD83-399D-4369-A529-F961A20015B8}.Release|x86.Build.0 = Release|Any CPU
	EndGlobalSection
	GlobalSection(SolutionProperties) = preSolution
		HideSolutionNode = FALSE
	EndGlobalSection
	GlobalSection(NestedProjects) = preSolution
		{DF008297-94DF-4193-84D9-C91728E11CBD} = {135E7F95-93BF-49D7-A978-21E998E962E5}
		{3397BD83-399D-4369-A529-F961A20015B8} = {03C19F6D-9868-481C-889F-B39A6DE812EE}
	EndGlobalSection
	GlobalSection(ExtensibilityGlobals) = postSolution
		SolutionGuid = {086F0E9E-A83E-4984-8DEB-F128DAB8C2D4}
	EndGlobalSection
EndGlobal
