
Microsoft Visual Studio Solution File, Format Version 12.00
# Visual Studio Version 16
VisualStudioVersion = 16.0.29411.108
MinimumVisualStudioVersion = 10.0.40219.1
Project("{9A19103F-16F7-4668-BE54-9A1E7A4F7556}") = "EmguFFmpeg", "src\EmguFFmpeg.csproj", "{C1EDAA9A-696F-4EDD-9E7A-7BBDC7D50530}"
EndProject
Project("{2150E333-8FDC-42A3-9474-1A3956D46DE8}") = "extensions", "extensions", "{01D6497E-FE7B-4CF1-9414-F0B583D83379}"
EndProject
Project("{9A19103F-16F7-4668-BE54-9A1E7A4F7556}") = "EmguFFmpeg.EmguCV", "extensions\EmguFFmpeg.EmguCV\EmguFFmpeg.EmguCV.csproj", "{1416CFD0-BABC-4A3F-9607-6B8CA14BFB9A}"
EndProject
Project("{9A19103F-16F7-4668-BE54-9A1E7A4F7556}") = "EmguFFmpeg.OpenCvSharp", "extensions\EmguFFmpeg.OpenCvSharp\EmguFFmpeg.OpenCvSharp.csproj", "{7DED9B50-2041-412A-AA0B-CC975E6246F4}"
EndProject
Project("{9A19103F-16F7-4668-BE54-9A1E7A4F7556}") = "EmguFFmpeg.Bitmap", "extensions\EmguFFmpeg.Bitmap\EmguFFmpeg.Bitmap.csproj", "{28B682A3-3F7A-468D-8537-6DEDF9FFE5A4}"
EndProject
Project("{2150E333-8FDC-42A3-9474-1A3956D46DE8}") = "examples", "examples", "{247ED7EC-C0D4-4EA6-9381-D063FB8BC9AE}"
EndProject
Project("{2150E333-8FDC-42A3-9474-1A3956D46DE8}") = "tests", "tests", "{8E939179-E316-4E46-9EAA-F623DB16C787}"
EndProject
Project("{9A19103F-16F7-4668-BE54-9A1E7A4F7556}") = "EmguFFmpeg.Example", "examples\EmguFFmpeg.Example\EmguFFmpeg.Example.csproj", "{2B90E0C4-4B1F-4258-A376-227DCAD880AE}"
EndProject
Project("{9A19103F-16F7-4668-BE54-9A1E7A4F7556}") = "EmugFFmpeg.Test", "tests\EmugFFmpeg.Test\EmugFFmpeg.Test.csproj", "{B1B3B9F1-FACA-409A-BCA3-0CF42BBE9A53}"
EndProject
Global
	GlobalSection(SolutionConfigurationPlatforms) = preSolution
		Debug|Any CPU = Debug|Any CPU
		Debug|x64 = Debug|x64
		Debug|x86 = Debug|x86
		Release|Any CPU = Release|Any CPU
		Release|x64 = Release|x64
		Release|x86 = Release|x86
	EndGlobalSection
	GlobalSection(ProjectConfigurationPlatforms) = postSolution
		{C1EDAA9A-696F-4EDD-9E7A-7BBDC7D50530}.Debug|Any CPU.ActiveCfg = Debug|Any CPU
		{C1EDAA9A-696F-4EDD-9E7A-7BBDC7D50530}.Debug|Any CPU.Build.0 = Debug|Any CPU
		{C1EDAA9A-696F-4EDD-9E7A-7BBDC7D50530}.Debug|x64.ActiveCfg = Debug|x64
		{C1EDAA9A-696F-4EDD-9E7A-7BBDC7D50530}.Debug|x64.Build.0 = Debug|x64
		{C1EDAA9A-696F-4EDD-9E7A-7BBDC7D50530}.Debug|x86.ActiveCfg = Debug|x86
		{C1EDAA9A-696F-4EDD-9E7A-7BBDC7D50530}.Debug|x86.Build.0 = Debug|x86
		{C1EDAA9A-696F-4EDD-9E7A-7BBDC7D50530}.Release|Any CPU.ActiveCfg = Release|Any CPU
		{C1EDAA9A-696F-4EDD-9E7A-7BBDC7D50530}.Release|Any CPU.Build.0 = Release|Any CPU
		{C1EDAA9A-696F-4EDD-9E7A-7BBDC7D50530}.Release|x64.ActiveCfg = Release|x64
		{C1EDAA9A-696F-4EDD-9E7A-7BBDC7D50530}.Release|x64.Build.0 = Release|x64
		{C1EDAA9A-696F-4EDD-9E7A-7BBDC7D50530}.Release|x86.ActiveCfg = Release|x86
		{C1EDAA9A-696F-4EDD-9E7A-7BBDC7D50530}.Release|x86.Build.0 = Release|x86
		{1416CFD0-BABC-4A3F-9607-6B8CA14BFB9A}.Debug|Any CPU.ActiveCfg = Debug|Any CPU
		{1416CFD0-BABC-4A3F-9607-6B8CA14BFB9A}.Debug|Any CPU.Build.0 = Debug|Any CPU
		{1416CFD0-BABC-4A3F-9607-6B8CA14BFB9A}.Debug|x64.ActiveCfg = Debug|x64
		{1416CFD0-BABC-4A3F-9607-6B8CA14BFB9A}.Debug|x64.Build.0 = Debug|x64
		{1416CFD0-BABC-4A3F-9607-6B8CA14BFB9A}.Debug|x86.ActiveCfg = Debug|x86
		{1416CFD0-BABC-4A3F-9607-6B8CA14BFB9A}.Debug|x86.Build.0 = Debug|x86
		{1416CFD0-BABC-4A3F-9607-6B8CA14BFB9A}.Release|Any CPU.ActiveCfg = Release|Any CPU
		{1416CFD0-BABC-4A3F-9607-6B8CA14BFB9A}.Release|Any CPU.Build.0 = Release|Any CPU
		{1416CFD0-BABC-4A3F-9607-6B8CA14BFB9A}.Release|x64.ActiveCfg = Release|x64
		{1416CFD0-BABC-4A3F-9607-6B8CA14BFB9A}.Release|x64.Build.0 = Release|x64
		{1416CFD0-BABC-4A3F-9607-6B8CA14BFB9A}.Release|x86.ActiveCfg = Release|x86
		{1416CFD0-BABC-4A3F-9607-6B8CA14BFB9A}.Release|x86.Build.0 = Release|x86
		{7DED9B50-2041-412A-AA0B-CC975E6246F4}.Debug|Any CPU.ActiveCfg = Debug|Any CPU
		{7DED9B50-2041-412A-AA0B-CC975E6246F4}.Debug|Any CPU.Build.0 = Debug|Any CPU
		{7DED9B50-2041-412A-AA0B-CC975E6246F4}.Debug|x64.ActiveCfg = Debug|x64
		{7DED9B50-2041-412A-AA0B-CC975E6246F4}.Debug|x64.Build.0 = Debug|x64
		{7DED9B50-2041-412A-AA0B-CC975E6246F4}.Debug|x86.ActiveCfg = Debug|x86
		{7DED9B50-2041-412A-AA0B-CC975E6246F4}.Debug|x86.Build.0 = Debug|x86
		{7DED9B50-2041-412A-AA0B-CC975E6246F4}.Release|Any CPU.ActiveCfg = Release|Any CPU
		{7DED9B50-2041-412A-AA0B-CC975E6246F4}.Release|Any CPU.Build.0 = Release|Any CPU
		{7DED9B50-2041-412A-AA0B-CC975E6246F4}.Release|x64.ActiveCfg = Release|x64
		{7DED9B50-2041-412A-AA0B-CC975E6246F4}.Release|x64.Build.0 = Release|x64
		{7DED9B50-2041-412A-AA0B-CC975E6246F4}.Release|x86.ActiveCfg = Release|x86
		{7DED9B50-2041-412A-AA0B-CC975E6246F4}.Release|x86.Build.0 = Release|x86
		{28B682A3-3F7A-468D-8537-6DEDF9FFE5A4}.Debug|Any CPU.ActiveCfg = Debug|Any CPU
		{28B682A3-3F7A-468D-8537-6DEDF9FFE5A4}.Debug|Any CPU.Build.0 = Debug|Any CPU
		{28B682A3-3F7A-468D-8537-6DEDF9FFE5A4}.Debug|x64.ActiveCfg = Debug|x64
		{28B682A3-3F7A-468D-8537-6DEDF9FFE5A4}.Debug|x64.Build.0 = Debug|x64
		{28B682A3-3F7A-468D-8537-6DEDF9FFE5A4}.Debug|x86.ActiveCfg = Debug|x86
		{28B682A3-3F7A-468D-8537-6DEDF9FFE5A4}.Debug|x86.Build.0 = Debug|x86
		{28B682A3-3F7A-468D-8537-6DEDF9FFE5A4}.Release|Any CPU.ActiveCfg = Release|Any CPU
		{28B682A3-3F7A-468D-8537-6DEDF9FFE5A4}.Release|Any CPU.Build.0 = Release|Any CPU
		{28B682A3-3F7A-468D-8537-6DEDF9FFE5A4}.Release|x64.ActiveCfg = Release|x64
		{28B682A3-3F7A-468D-8537-6DEDF9FFE5A4}.Release|x64.Build.0 = Release|x64
		{28B682A3-3F7A-468D-8537-6DEDF9FFE5A4}.Release|x86.ActiveCfg = Release|x86
		{28B682A3-3F7A-468D-8537-6DEDF9FFE5A4}.Release|x86.Build.0 = Release|x86
		{2B90E0C4-4B1F-4258-A376-227DCAD880AE}.Debug|Any CPU.ActiveCfg = Debug|Any CPU
		{2B90E0C4-4B1F-4258-A376-227DCAD880AE}.Debug|Any CPU.Build.0 = Debug|Any CPU
		{2B90E0C4-4B1F-4258-A376-227DCAD880AE}.Debug|x64.ActiveCfg = Debug|x64
		{2B90E0C4-4B1F-4258-A376-227DCAD880AE}.Debug|x64.Build.0 = Debug|x64
		{2B90E0C4-4B1F-4258-A376-227DCAD880AE}.Debug|x86.ActiveCfg = Debug|x86
		{2B90E0C4-4B1F-4258-A376-227DCAD880AE}.Debug|x86.Build.0 = Debug|x86
		{2B90E0C4-4B1F-4258-A376-227DCAD880AE}.Release|Any CPU.ActiveCfg = Release|Any CPU
		{2B90E0C4-4B1F-4258-A376-227DCAD880AE}.Release|Any CPU.Build.0 = Release|Any CPU
		{2B90E0C4-4B1F-4258-A376-227DCAD880AE}.Release|x64.ActiveCfg = Release|x64
		{2B90E0C4-4B1F-4258-A376-227DCAD880AE}.Release|x64.Build.0 = Release|x64
		{2B90E0C4-4B1F-4258-A376-227DCAD880AE}.Release|x86.ActiveCfg = Release|x86
		{2B90E0C4-4B1F-4258-A376-227DCAD880AE}.Release|x86.Build.0 = Release|x86
		{B1B3B9F1-FACA-409A-BCA3-0CF42BBE9A53}.Debug|Any CPU.ActiveCfg = Debug|Any CPU
		{B1B3B9F1-FACA-409A-BCA3-0CF42BBE9A53}.Debug|Any CPU.Build.0 = Debug|Any CPU
		{B1B3B9F1-FACA-409A-BCA3-0CF42BBE9A53}.Debug|x64.ActiveCfg = Debug|Any CPU
		{B1B3B9F1-FACA-409A-BCA3-0CF42BBE9A53}.Debug|x64.Build.0 = Debug|Any CPU
		{B1B3B9F1-FACA-409A-BCA3-0CF42BBE9A53}.Debug|x86.ActiveCfg = Debug|Any CPU
		{B1B3B9F1-FACA-409A-BCA3-0CF42BBE9A53}.Debug|x86.Build.0 = Debug|Any CPU
		{B1B3B9F1-FACA-409A-BCA3-0CF42BBE9A53}.Release|Any CPU.ActiveCfg = Release|Any CPU
		{B1B3B9F1-FACA-409A-BCA3-0CF42BBE9A53}.Release|Any CPU.Build.0 = Release|Any CPU
		{B1B3B9F1-FACA-409A-BCA3-0CF42BBE9A53}.Release|x64.ActiveCfg = Release|Any CPU
		{B1B3B9F1-FACA-409A-BCA3-0CF42BBE9A53}.Release|x64.Build.0 = Release|Any CPU
		{B1B3B9F1-FACA-409A-BCA3-0CF42BBE9A53}.Release|x86.ActiveCfg = Release|Any CPU
		{B1B3B9F1-FACA-409A-BCA3-0CF42BBE9A53}.Release|x86.Build.0 = Release|Any CPU
	EndGlobalSection
	GlobalSection(SolutionProperties) = preSolution
		HideSolutionNode = FALSE
	EndGlobalSection
	GlobalSection(NestedProjects) = preSolution
		{1416CFD0-BABC-4A3F-9607-6B8CA14BFB9A} = {01D6497E-FE7B-4CF1-9414-F0B583D83379}
		{7DED9B50-2041-412A-AA0B-CC975E6246F4} = {01D6497E-FE7B-4CF1-9414-F0B583D83379}
		{28B682A3-3F7A-468D-8537-6DEDF9FFE5A4} = {01D6497E-FE7B-4CF1-9414-F0B583D83379}
		{2B90E0C4-4B1F-4258-A376-227DCAD880AE} = {247ED7EC-C0D4-4EA6-9381-D063FB8BC9AE}
		{B1B3B9F1-FACA-409A-BCA3-0CF42BBE9A53} = {8E939179-E316-4E46-9EAA-F623DB16C787}
	EndGlobalSection
	GlobalSection(ExtensibilityGlobals) = postSolution
		SolutionGuid = {086F0E9E-A83E-4984-8DEB-F128DAB8C2D4}
	EndGlobalSection
EndGlobal
